
Microsoft Visual Studio Solution File, Format Version 12.00
# Visual Studio Version 17
VisualStudioVersion = 17.2.32616.157
MinimumVisualStudioVersion = 10.0.40219.1
Project("{2150E333-8FDC-42A3-9474-1A3956D46DE8}") = "Solution Items", "Solution Items", "{133E8AF4-0218-481E-95E5-146085B877B0}"
	ProjectSection(SolutionItems) = preProject
		.editorconfig = .editorconfig
	EndProjectSection
EndProject
Project("{9A19103F-16F7-4668-BE54-9A1E7A4F7556}") = "ProxyService", "ProxyService\ProxyService.csproj", "{5E31D769-AFBE-455E-A783-B6A7AE60D86C}"
EndProject
Project("{9A19103F-16F7-4668-BE54-9A1E7A4F7556}") = "ProxyService.Core", "ProxyService.Core\ProxyService.Core.csproj", "{53B9DBAF-21E4-4292-B4B5-A4466C30AFE7}"
EndProject
Project("{9A19103F-16F7-4668-BE54-9A1E7A4F7556}") = "ProxyService.Database", "ProxyService.Database\ProxyService.Database.csproj", "{2ED6D552-70C4-4AB6-8E5C-6A8A77D30C36}"
EndProject
Project("{9A19103F-16F7-4668-BE54-9A1E7A4F7556}") = "ProxyService.Checking", "ProxyService.Checking\ProxyService.Checking.csproj", "{15F6180D-548C-4A2F-945F-D5CB938B80BC}"
EndProject
Project("{9A19103F-16F7-4668-BE54-9A1E7A4F7556}") = "ProxyService.Getting", "ProxyService.Getting\ProxyService.Getting.csproj", "{A21532D2-59C0-46B0-BD67-73289C095C7E}"
EndProject
Global
	GlobalSection(SolutionConfigurationPlatforms) = preSolution
		Debug|Any CPU = Debug|Any CPU
		Release|Any CPU = Release|Any CPU
	EndGlobalSection
	GlobalSection(ProjectConfigurationPlatforms) = postSolution
		{5E31D769-AFBE-455E-A783-B6A7AE60D86C}.Debug|Any CPU.ActiveCfg = Debug|Any CPU
		{5E31D769-AFBE-455E-A783-B6A7AE60D86C}.Debug|Any CPU.Build.0 = Debug|Any CPU
		{5E31D769-AFBE-455E-A783-B6A7AE60D86C}.Release|Any CPU.ActiveCfg = Release|Any CPU
		{5E31D769-AFBE-455E-A783-B6A7AE60D86C}.Release|Any CPU.Build.0 = Release|Any CPU
		{53B9DBAF-21E4-4292-B4B5-A4466C30AFE7}.Debug|Any CPU.ActiveCfg = Debug|Any CPU
		{53B9DBAF-21E4-4292-B4B5-A4466C30AFE7}.Debug|Any CPU.Build.0 = Debug|Any CPU
		{53B9DBAF-21E4-4292-B4B5-A4466C30AFE7}.Release|Any CPU.ActiveCfg = Release|Any CPU
		{53B9DBAF-21E4-4292-B4B5-A4466C30AFE7}.Release|Any CPU.Build.0 = Release|Any CPU
		{2ED6D552-70C4-4AB6-8E5C-6A8A77D30C36}.Debug|Any CPU.ActiveCfg = Debug|Any CPU
		{2ED6D552-70C4-4AB6-8E5C-6A8A77D30C36}.Debug|Any CPU.Build.0 = Debug|Any CPU
		{2ED6D552-70C4-4AB6-8E5C-6A8A77D30C36}.Release|Any CPU.ActiveCfg = Release|Any CPU
		{2ED6D552-70C4-4AB6-8E5C-6A8A77D30C36}.Release|Any CPU.Build.0 = Release|Any CPU
		{15F6180D-548C-4A2F-945F-D5CB938B80BC}.Debug|Any CPU.ActiveCfg = Debug|Any CPU
		{15F6180D-548C-4A2F-945F-D5CB938B80BC}.Debug|Any CPU.Build.0 = Debug|Any CPU
		{15F6180D-548C-4A2F-945F-D5CB938B80BC}.Release|Any CPU.ActiveCfg = Release|Any CPU
		{15F6180D-548C-4A2F-945F-D5CB938B80BC}.Release|Any CPU.Build.0 = Release|Any CPU
		{A21532D2-59C0-46B0-BD67-73289C095C7E}.Debug|Any CPU.ActiveCfg = Debug|Any CPU
		{A21532D2-59C0-46B0-BD67-73289C095C7E}.Debug|Any CPU.Build.0 = Debug|Any CPU
		{A21532D2-59C0-46B0-BD67-73289C095C7E}.Release|Any CPU.ActiveCfg = Release|Any CPU
		{A21532D2-59C0-46B0-BD67-73289C095C7E}.Release|Any CPU.Build.0 = Release|Any CPU
	EndGlobalSection
	GlobalSection(SolutionProperties) = preSolution
		HideSolutionNode = FALSE
	EndGlobalSection
	GlobalSection(ExtensibilityGlobals) = postSolution
		SolutionGuid = {91C8F68B-9835-43BE-AD9C-3138E7279C1B}
	EndGlobalSection
EndGlobal
